// !$*UTF8*$!
{
	archiveVersion = 1;
	classes = {
	};
	objectVersion = 45;
	objects = {

/* Begin PBXBuildFile section */
		7F2C066F118FAF5A00E2610A /* kite_lexer.l in Sources */ = {isa = PBXBuildFile; fileRef = 7F2C066D118FAF5A00E2610A /* kite_lexer.l */; };
		7F2C0670118FAF5A00E2610A /* kite_parser.y in Sources */ = {isa = PBXBuildFile; fileRef = 7F2C066E118FAF5A00E2610A /* kite_parser.y */; };
		7F2C06A6118FBEFC00E2610A /* kite_ast_const.cpp in Sources */ = {isa = PBXBuildFile; fileRef = 7F2C06A5118FBEFC00E2610A /* kite_ast_const.cpp */; };
		7F740762119BEF030089D73B /* kite_ast_utils.cpp in Sources */ = {isa = PBXBuildFile; fileRef = 7F740761119BEF030089D73B /* kite_ast_utils.cpp */; };
		8DD76F650486A84900D96B5E /* main.cpp in Sources */ = {isa = PBXBuildFile; fileRef = 08FB7796FE84155DC02AAC07 /* main.cpp */; settings = {ATTRIBUTES = (); }; };
		8DD76F6A0486A84900D96B5E /* kite-llvm.1 in CopyFiles */ = {isa = PBXBuildFile; fileRef = C6859E8B029090EE04C91782 /* kite-llvm.1 */; };
/* End PBXBuildFile section */

/* Begin PBXCopyFilesBuildPhase section */
		8DD76F690486A84900D96B5E /* CopyFiles */ = {
			isa = PBXCopyFilesBuildPhase;
			buildActionMask = 8;
			dstPath = /usr/share/man/man1/;
			dstSubfolderSpec = 0;
			files = (
				8DD76F6A0486A84900D96B5E /* kite-llvm.1 in CopyFiles */,
			);
			runOnlyForDeploymentPostprocessing = 1;
		};
/* End PBXCopyFilesBuildPhase section */

/* Begin PBXFileReference section */
		08FB7796FE84155DC02AAC07 /* main.cpp */ = {isa = PBXFileReference; fileEncoding = 4; lastKnownFileType = sourcecode.cpp.cpp; path = main.cpp; sourceTree = "<group>"; };
		7F2C066D118FAF5A00E2610A /* kite_lexer.l */ = {isa = PBXFileReference; fileEncoding = 4; lastKnownFileType = sourcecode.lex; path = kite_lexer.l; sourceTree = "<group>"; };
		7F2C066E118FAF5A00E2610A /* kite_parser.y */ = {isa = PBXFileReference; fileEncoding = 4; lastKnownFileType = sourcecode.yacc; path = kite_parser.y; sourceTree = "<group>"; };
		7F2C0685118FB32600E2610A /* kite_compiler.h */ = {isa = PBXFileReference; fileEncoding = 4; lastKnownFileType = sourcecode.c.h; path = kite_compiler.h; sourceTree = "<group>"; };
		7F2C0696118FB70300E2610A /* kite_ast_base.h */ = {isa = PBXFileReference; fileEncoding = 4; lastKnownFileType = sourcecode.c.h; path = kite_ast_base.h; sourceTree = "<group>"; };
		7F2C069C118FB91800E2610A /* kite_ast_const_base.h */ = {isa = PBXFileReference; fileEncoding = 4; lastKnownFileType = sourcecode.c.h; path = kite_ast_const_base.h; sourceTree = "<group>"; };
		7F2C06A5118FBEFC00E2610A /* kite_ast_const.cpp */ = {isa = PBXFileReference; fileEncoding = 4; lastKnownFileType = sourcecode.cpp.cpp; path = kite_ast_const.cpp; sourceTree = "<group>"; };
		7F740761119BEF030089D73B /* kite_ast_utils.cpp */ = {isa = PBXFileReference; fileEncoding = 4; lastKnownFileType = sourcecode.cpp.cpp; path = kite_ast_utils.cpp; sourceTree = "<group>"; };
		7FD86F0D118FF3F000F986F1 /* kite_ast_function.h */ = {isa = PBXFileReference; fileEncoding = 4; lastKnownFileType = sourcecode.c.h; path = kite_ast_function.h; sourceTree = "<group>"; };
		8DD76F6C0486A84900D96B5E /* kite-llvm */ = {isa = PBXFileReference; explicitFileType = "compiled.mach-o.executable"; includeInIndex = 0; path = "kite-llvm"; sourceTree = BUILT_PRODUCTS_DIR; };
		C6859E8B029090EE04C91782 /* kite-llvm.1 */ = {isa = PBXFileReference; lastKnownFileType = text.man; path = "kite-llvm.1"; sourceTree = "<group>"; };
/* End PBXFileReference section */

/* Begin PBXFrameworksBuildPhase section */
		8DD76F660486A84900D96B5E /* Frameworks */ = {
			isa = PBXFrameworksBuildPhase;
			buildActionMask = 2147483647;
			files = (
			);
			runOnlyForDeploymentPostprocessing = 0;
		};
/* End PBXFrameworksBuildPhase section */

/* Begin PBXGroup section */
		08FB7794FE84155DC02AAC07 /* kite-llvm */ = {
			isa = PBXGroup;
			children = (
				08FB7795FE84155DC02AAC07 /* Source */,
				C6859E8C029090F304C91782 /* Documentation */,
				1AB674ADFE9D54B511CA2CBB /* Products */,
			);
			name = "kite-llvm";
			sourceTree = "<group>";
		};
		08FB7795FE84155DC02AAC07 /* Source */ = {
			isa = PBXGroup;
			children = (
				7F2C0695118FB6B500E2610A /* AST */,
				7F2C066D118FAF5A00E2610A /* kite_lexer.l */,
				7F2C066E118FAF5A00E2610A /* kite_parser.y */,
				08FB7796FE84155DC02AAC07 /* main.cpp */,
				7F2C0685118FB32600E2610A /* kite_compiler.h */,
			);
			name = Source;
			sourceTree = "<group>";
		};
		1AB674ADFE9D54B511CA2CBB /* Products */ = {
			isa = PBXGroup;
			children = (
				8DD76F6C0486A84900D96B5E /* kite-llvm */,
			);
			name = Products;
			sourceTree = "<group>";
		};
		7F2C0695118FB6B500E2610A /* AST */ = {
			isa = PBXGroup;
			children = (
				7F2C0696118FB70300E2610A /* kite_ast_base.h */,
				7F2C069C118FB91800E2610A /* kite_ast_const_base.h */,
				7F2C06A5118FBEFC00E2610A /* kite_ast_const.cpp */,
				7FD86F0D118FF3F000F986F1 /* kite_ast_function.h */,
				7F740761119BEF030089D73B /* kite_ast_utils.cpp */,
			);
			name = AST;
			sourceTree = "<group>";
		};
		C6859E8C029090F304C91782 /* Documentation */ = {
			isa = PBXGroup;
			children = (
				C6859E8B029090EE04C91782 /* kite-llvm.1 */,
			);
			name = Documentation;
			sourceTree = "<group>";
		};
/* End PBXGroup section */

/* Begin PBXNativeTarget section */
		8DD76F620486A84900D96B5E /* kite-llvm */ = {
			isa = PBXNativeTarget;
			buildConfigurationList = 1DEB923108733DC60010E9CD /* Build configuration list for PBXNativeTarget "kite-llvm" */;
			buildPhases = (
				8DD76F640486A84900D96B5E /* Sources */,
				8DD76F660486A84900D96B5E /* Frameworks */,
				8DD76F690486A84900D96B5E /* CopyFiles */,
			);
			buildRules = (
			);
			dependencies = (
			);
			name = "kite-llvm";
			productInstallPath = "$(HOME)/bin";
			productName = "kite-llvm";
			productReference = 8DD76F6C0486A84900D96B5E /* kite-llvm */;
			productType = "com.apple.product-type.tool";
		};
/* End PBXNativeTarget section */

/* Begin PBXProject section */
		08FB7793FE84155DC02AAC07 /* Project object */ = {
			isa = PBXProject;
			buildConfigurationList = 1DEB923508733DC60010E9CD /* Build configuration list for PBXProject "kite-llvm" */;
			compatibilityVersion = "Xcode 3.1";
			hasScannedForEncodings = 1;
			mainGroup = 08FB7794FE84155DC02AAC07 /* kite-llvm */;
			projectDirPath = "";
			projectRoot = "";
			targets = (
				8DD76F620486A84900D96B5E /* kite-llvm */,
			);
		};
/* End PBXProject section */

/* Begin PBXSourcesBuildPhase section */
		8DD76F640486A84900D96B5E /* Sources */ = {
			isa = PBXSourcesBuildPhase;
			buildActionMask = 2147483647;
			files = (
				8DD76F650486A84900D96B5E /* main.cpp in Sources */,
				7F2C066F118FAF5A00E2610A /* kite_lexer.l in Sources */,
				7F2C0670118FAF5A00E2610A /* kite_parser.y in Sources */,
				7F2C06A6118FBEFC00E2610A /* kite_ast_const.cpp in Sources */,
				7F740762119BEF030089D73B /* kite_ast_utils.cpp in Sources */,
			);
			runOnlyForDeploymentPostprocessing = 0;
		};
/* End PBXSourcesBuildPhase section */

/* Begin XCBuildConfiguration section */
		1DEB923208733DC60010E9CD /* Debug */ = {
			isa = XCBuildConfiguration;
			buildSettings = {
				ALWAYS_SEARCH_USER_PATHS = NO;
				COPY_PHASE_STRIP = NO;
				GCC_DYNAMIC_NO_PIC = NO;
				GCC_ENABLE_FIX_AND_CONTINUE = YES;
				GCC_MODEL_TUNING = G5;
				GCC_OPTIMIZATION_LEVEL = 0;
				INSTALL_PATH = /usr/local/bin;
				OTHER_CFLAGS = (
					"-I/opt/local/include",
					"-DNDEBUG",
					"-D_GNU_SOURCE",
					"-D__STDC_LIMIT_MACROS",
					"-D__STDC_CONSTANT_MACROS",
					"-O3",
					"-fno-common",
				);
				OTHER_CPLUSPLUSFLAGS = (
					"$(OTHER_CFLAGS)",
					"-I/opt/local/include",
					"-DNDEBUG",
					"-D_GNU_SOURCE",
					"-D__STDC_LIMIT_MACROS",
					"-D__STDC_CONSTANT_MACROS",
					"-O3",
					"-fno-common",
					"-Woverloaded-virtual",
				);
				OTHER_LDFLAGS = (
					"-lLLVMXCoreCodeGen",
					"-lLLVMXCoreAsmPrinter",
					"-lLLVMXCoreInfo",
					"-lLLVMSystemZCodeGen",
					"-lLLVMSystemZAsmPrinter",
					"-lLLVMSystemZInfo",
					"-lLLVMSparcCodeGen",
					"-lLLVMSparcAsmPrinter",
					"-lLLVMSparcInfo",
					"-lLLVMPowerPCCodeGen",
					"-lLLVMPowerPCAsmPrinter",
					"-lLLVMPowerPCInfo",
					"-lLLVMPIC16AsmPrinter",
					"-lLLVMPIC16CodeGen",
					"-lLLVMPIC16Info",
					"-lLLVMMSP430CodeGen",
					"-lLLVMMSP430AsmPrinter",
					"-lLLVMMSP430Info",
					"-lLLVMMSIL",
					"-lLLVMMSILInfo",
					"-lLLVMMipsAsmPrinter",
					"-lLLVMMipsCodeGen",
					"-lLLVMMipsInfo",
					"-lLLVMLinker",
					"-lLLVMipo",
					"-lLLVMInterpreter",
					"-lLLVMInstrumentation",
					"-lLLVMJIT",
					"-lLLVMExecutionEngine",
					"-lLLVMDebugger",
					"-lLLVMCppBackend",
					"-lLLVMCppBackendInfo",
					"-lLLVMCellSPUCodeGen",
					"-lLLVMCellSPUAsmPrinter",
					"-lLLVMCellSPUInfo",
					"-lLLVMCBackend",
					"-lLLVMCBackendInfo",
					"-lLLVMBlackfinCodeGen",
					"-lLLVMBlackfinAsmPrinter",
					"-lLLVMBlackfinInfo",
					"-lLLVMBitWriter",
					"-lLLVMX86AsmParser",
					"-lLLVMX86AsmPrinter",
					"-lLLVMX86CodeGen",
					"-lLLVMX86Info",
					"-lLLVMAsmParser",
					"-lLLVMARMAsmPrinter",
					"-lLLVMARMCodeGen",
					"-lLLVMARMInfo",
					"-lLLVMArchive",
					"-lLLVMBitReader",
					"-lLLVMAlphaCodeGen",
					"-lLLVMSelectionDAG",
					"-lLLVMAlphaAsmPrinter",
					"-lLLVMAsmPrinter",
					"-lLLVMCodeGen",
					"-lLLVMScalarOpts",
					"-lLLVMTransformUtils",
					"-lLLVMipa",
					"-lLLVMAnalysis",
					"-lLLVMTarget",
					"-lLLVMMC",
					"-lLLVMCore",
					"-lLLVMAlphaInfo",
					"-lLLVMSupport",
					"-lLLVMSystem",
					"-L/opt/local/lib",
					"-lpthread",
					"-lffi",
					"-lm",
				);
				PRODUCT_NAME = "kite-llvm";
			};
			name = Debug;
		};
		1DEB923308733DC60010E9CD /* Release */ = {
			isa = XCBuildConfiguration;
			buildSettings = {
				ALWAYS_SEARCH_USER_PATHS = NO;
				DEBUG_INFORMATION_FORMAT = "dwarf-with-dsym";
				GCC_MODEL_TUNING = G5;
				INSTALL_PATH = /usr/local/bin;
				OTHER_CFLAGS = (
					"-I/opt/local/include",
					"-DNDEBUG",
					"-D_GNU_SOURCE",
					"-D__STDC_LIMIT_MACROS",
					"-D__STDC_CONSTANT_MACROS",
					"-O3",
					"-fno-common",
				);
				OTHER_CPLUSPLUSFLAGS = (
					"$(OTHER_CFLAGS)",
					"-I/opt/local/include",
					"-DNDEBUG",
					"-D_GNU_SOURCE",
					"-D__STDC_LIMIT_MACROS",
					"-D__STDC_CONSTANT_MACROS",
					"-O3",
					"-fno-common",
					"-Woverloaded-virtual",
				);
				OTHER_LDFLAGS = (
					"-lLLVMXCoreCodeGen",
					"-lLLVMXCoreAsmPrinter",
					"-lLLVMXCoreInfo",
					"-lLLVMSystemZCodeGen",
					"-lLLVMSystemZAsmPrinter",
					"-lLLVMSystemZInfo",
					"-lLLVMSparcCodeGen",
					"-lLLVMSparcAsmPrinter",
					"-lLLVMSparcInfo",
					"-lLLVMPowerPCCodeGen",
					"-lLLVMPowerPCAsmPrinter",
					"-lLLVMPowerPCInfo",
					"-lLLVMPIC16AsmPrinter",
					"-lLLVMPIC16CodeGen",
					"-lLLVMPIC16Info",
					"-lLLVMMSP430CodeGen",
					"-lLLVMMSP430AsmPrinter",
					"-lLLVMMSP430Info",
					"-lLLVMMSIL",
					"-lLLVMMSILInfo",
					"-lLLVMMipsAsmPrinter",
					"-lLLVMMipsCodeGen",
					"-lLLVMMipsInfo",
					"-lLLVMLinker",
					"-lLLVMipo",
					"-lLLVMInterpreter",
					"-lLLVMInstrumentation",
					"-lLLVMJIT",
					"-lLLVMExecutionEngine",
					"-lLLVMDebugger",
					"-lLLVMCppBackend",
					"-lLLVMCppBackendInfo",
					"-lLLVMCellSPUCodeGen",
					"-lLLVMCellSPUAsmPrinter",
					"-lLLVMCellSPUInfo",
					"-lLLVMCBackend",
					"-lLLVMCBackendInfo",
					"-lLLVMBlackfinCodeGen",
					"-lLLVMBlackfinAsmPrinter",
					"-lLLVMBlackfinInfo",
					"-lLLVMBitWriter",
					"-lLLVMX86AsmParser",
					"-lLLVMX86AsmPrinter",
					"-lLLVMX86CodeGen",
					"-lLLVMX86Info",
					"-lLLVMAsmParser",
					"-lLLVMARMAsmPrinter",
					"-lLLVMARMCodeGen",
					"-lLLVMARMInfo",
					"-lLLVMArchive",
					"-lLLVMBitReader",
					"-lLLVMAlphaCodeGen",
					"-lLLVMSelectionDAG",
					"-lLLVMAlphaAsmPrinter",
					"-lLLVMAsmPrinter",
					"-lLLVMCodeGen",
					"-lLLVMScalarOpts",
					"-lLLVMTransformUtils",
					"-lLLVMipa",
					"-lLLVMAnalysis",
					"-lLLVMTarget",
					"-lLLVMMC",
					"-lLLVMCore",
					"-lLLVMAlphaInfo",
					"-lLLVMSupport",
					"-lLLVMSystem",
					"-L/opt/local/lib",
					"-lpthread",
					"-lffi",
					"-lm",
				);
				PRODUCT_NAME = "kite-llvm";
			};
			name = Release;
		};
		1DEB923608733DC60010E9CD /* Debug */ = {
			isa = XCBuildConfiguration;
			buildSettings = {
				ARCHS = "$(ARCHS_STANDARD_32_64_BIT)";
				GCC_C_LANGUAGE_STANDARD = gnu99;
				GCC_OPTIMIZATION_LEVEL = 0;
				GCC_WARN_ABOUT_RETURN_TYPE = YES;
				GCC_WARN_UNUSED_VARIABLE = YES;
				ONLY_ACTIVE_ARCH = YES;
				PREBINDING = NO;
				SDKROOT = macosx10.6;
				USER_HEADER_SEARCH_PATHS = /opt/local/include/;
			};
			name = Debug;
		};
		1DEB923708733DC60010E9CD /* Release */ = {
			isa = XCBuildConfiguration;
			buildSettings = {
				ARCHS = "$(ARCHS_STANDARD_32_64_BIT)";
				GCC_C_LANGUAGE_STANDARD = gnu99;
				GCC_WARN_ABOUT_RETURN_TYPE = YES;
				GCC_WARN_UNUSED_VARIABLE = YES;
				PREBINDING = NO;
				SDKROOT = macosx10.6;
				USER_HEADER_SEARCH_PATHS = /opt/local/include/;
			};
			name = Release;
		};
/* End XCBuildConfiguration section */

/* Begin XCConfigurationList section */
		1DEB923108733DC60010E9CD /* Build configuration list for PBXNativeTarget "kite-llvm" */ = {
			isa = XCConfigurationList;
			buildConfigurations = (
				1DEB923208733DC60010E9CD /* Debug */,
				1DEB923308733DC60010E9CD /* Release */,
			);
			defaultConfigurationIsVisible = 0;
			defaultConfigurationName = Release;
		};
		1DEB923508733DC60010E9CD /* Build configuration list for PBXProject "kite-llvm" */ = {
			isa = XCConfigurationList;
			buildConfigurations = (
				1DEB923608733DC60010E9CD /* Debug */,
				1DEB923708733DC60010E9CD /* Release */,
			);
			defaultConfigurationIsVisible = 0;
			defaultConfigurationName = Release;
		};
/* End XCConfigurationList section */
	};
	rootObject = 08FB7793FE84155DC02AAC07 /* Project object */;
}
